{"format_version":"1.0","provider_schemas":{"registry.terraform.io/hashicorp/boundary":{"provider":{"version":0,"block":{"attributes":{"addr":{"type":"string","description":"The base url of the Boundary API, e.g. \"http://127.0.0.1:9200\". If not set, it will be read from the \"BOUNDARY_ADDR\" env var.","description_kind":"markdown","required":true},"auth_method_id":{"type":"string","description":"The auth method ID e.g. ampw_1234567890","description_kind":"markdown","optional":true},"password_auth_method_login_name":{"type":"string","description":"The auth method login name for password-style auth methods","description_kind":"markdown","optional":true},"password_auth_method_password":{"type":"string","description":"The auth method password for password-style auth methods","description_kind":"markdown","optional":true},"recovery_kms_hcl":{"type":"string","description":"Can be a heredoc string or a path on disk. If set, the string/file will be parsed as HCL and used with the recovery KMS mechanism. While this is set, it will override any other authentication information; the KMS mechanism will always be used. See Boundary's KMS docs for examples: https://boundaryproject.io/docs/configuration/kms","description_kind":"markdown","optional":true},"tls_insecure":{"type":"bool","description":"When set to true, does not validate the Boundary API endpoint certificate","description_kind":"markdown","optional":true},"token":{"type":"string","description":"The Boundary token to use, as a string or path on disk containing just the string. If set, the token read here will be used in place of authenticating with the auth method specified in \"auth_method_id\", although the recovery KMS mechanism will still override this. Can also be set with the BOUNDARY_TOKEN environment variable.","description_kind":"markdown","optional":true}},"description_kind":"plain"}},"resource_schemas":{"boundary_account":{"version":0,"block":{"attributes":{"auth_method_id":{"type":"string","description":"The resource ID for the auth method.","description_kind":"markdown","required":true},"description":{"type":"string","description":"The account description.","description_kind":"markdown","optional":true},"id":{"type":"string","description":"The ID of the account.","description_kind":"markdown","computed":true},"login_name":{"type":"string","description":"The login name for this account.","description_kind":"markdown","optional":true},"name":{"type":"string","description":"The account name. Defaults to the resource name.","description_kind":"markdown","optional":true},"password":{"type":"string","description":"The account password. Only set on create, changes will not be reflected when updating account.","description_kind":"markdown","optional":true},"type":{"type":"string","description":"The resource type.","description_kind":"markdown","required":true}},"description":"Deprecated: use `resource_account_password` instead.","description_kind":"markdown","deprecated":true}},"boundary_account_oidc":{"version":0,"block":{"attributes":{"auth_method_id":{"type":"string","description":"The resource ID for the auth method.","description_kind":"markdown","required":true},"description":{"type":"string","description":"The account description.","description_kind":"markdown","optional":true},"id":{"type":"string","description":"The ID of the account.","description_kind":"markdown","computed":true},"issuer":{"type":"string","description":"The OIDC issuer.","description_kind":"markdown","optional":true},"name":{"type":"string","description":"The account name. Defaults to the resource name.","description_kind":"markdown","optional":true},"subject":{"type":"string","description":"The OIDC subject.","description_kind":"markdown","optional":true}},"description":"The account resource allows you to configure a Boundary account.","description_kind":"markdown"}},"boundary_account_password":{"version":0,"block":{"attributes":{"auth_method_id":{"type":"string","description":"The resource ID for the auth method.","description_kind":"markdown","required":true},"description":{"type":"string","description":"The account description.","description_kind":"markdown","optional":true},"id":{"type":"string","description":"The ID of the account.","description_kind":"markdown","computed":true},"login_name":{"type":"string","description":"The login name for this account.","description_kind":"markdown","optional":true},"name":{"type":"string","description":"The account name. Defaults to the resource name.","description_kind":"markdown","optional":true},"password":{"type":"string","description":"The account password. Only set on create, changes will not be reflected when updating account.","description_kind":"markdown","optional":true},"type":{"type":"string","description":"The resource type.","description_kind":"markdown","required":true}},"description":"The account resource allows you to configure a Boundary account.","description_kind":"markdown"}},"boundary_auth_method":{"version":0,"block":{"attributes":{"description":{"type":"string","description":"The auth method description.","description_kind":"markdown","optional":true},"id":{"type":"string","description":"The ID of the account.","description_kind":"markdown","computed":true},"min_login_name_length":{"type":"number","description":"The minimum login name length.","description_kind":"markdown","deprecated":true,"optional":true,"computed":true},"min_password_length":{"type":"number","description":"The minimum password length.","description_kind":"markdown","deprecated":true,"optional":true,"computed":true},"name":{"type":"string","description":"The auth method name. Defaults to the resource name.","description_kind":"markdown","optional":true},"scope_id":{"type":"string","description":"The scope ID.","description_kind":"markdown","required":true},"type":{"type":"string","description":"The resource type.","description_kind":"markdown","required":true}},"description":"The auth method resource allows you to configure a Boundary auth_method.","description_kind":"markdown"}},"boundary_auth_method_oidc":{"version":0,"block":{"attributes":{"account_claim_maps":{"type":["list","string"],"description":"Account claim maps for the to_claim of sub.","description_kind":"markdown","optional":true},"allowed_audiences":{"type":["list","string"],"description":"Audiences for which the provider responses will be allowed","description_kind":"markdown","optional":true},"api_url_prefix":{"type":"string","description":"The API prefix to use when generating callback URLs for the provider. Should be set to an address at which the provider can reach back to the controller.","description_kind":"markdown","optional":true},"callback_url":{"type":"string","description":"The URL that should be provided to the IdP for callbacks.","description_kind":"markdown","optional":true,"computed":true},"claims_scopes":{"type":["list","string"],"description":"Claims scopes.","description_kind":"markdown","optional":true},"client_id":{"type":"string","description":"The client ID assigned to this auth method from the provider.","description_kind":"markdown","optional":true},"client_secret":{"type":"string","description":"The secret key assigned to this auth method from the provider. Once set, only the hash will be kept and the original value can be removed from configuration.","description_kind":"markdown","optional":true},"client_secret_hmac":{"type":"string","description":"The HMAC of the client secret returned by the Boundary controller, which is used for comparison after initial setting of the value.","description_kind":"markdown","optional":true,"computed":true},"description":{"type":"string","description":"The auth method description.","description_kind":"markdown","optional":true},"disable_discovered_config_validation":{"type":"bool","description":"Disables validation logic ensuring that the OIDC provider's information from its discovery endpoint matches the information here. The validation is only performed at create or update time.","description_kind":"markdown","optional":true},"id":{"type":"string","description":"The ID of the auth method.","description_kind":"markdown","computed":true},"idp_ca_certs":{"type":["list","string"],"description":"A list of CA certificates to trust when validating the IdP's token signatures.","description_kind":"markdown","optional":true},"is_primary_for_scope":{"type":"bool","description":"When true, makes this auth method the primary auth method for the scope in which it resides. The primary auth method for a scope means the the user will be automatically created when they login using an OIDC account.","description_kind":"markdown","optional":true},"issuer":{"type":"string","description":"The issuer corresponding to the provider, which must match the issuer field in generated tokens.","description_kind":"markdown","optional":true},"max_age":{"type":"number","description":"The max age to provide to the provider, indicating how much time is allowed to have passed since the last authentication before the user is challenged again.","description_kind":"markdown","optional":true},"name":{"type":"string","description":"The auth method name. Defaults to the resource name.","description_kind":"markdown","optional":true},"scope_id":{"type":"string","description":"The scope ID.","description_kind":"markdown","required":true},"signing_algorithms":{"type":["list","string"],"description":"Allowed signing algorithms for the provider's issued tokens.","description_kind":"markdown","optional":true},"state":{"type":"string","description":"Can be one of 'inactive', 'active-private', or 'active-public'. Currently automatically set to active-public.","description_kind":"markdown","optional":true,"computed":true},"type":{"type":"string","description":"The type of auth method; hardcoded.","description_kind":"markdown","optional":true}},"description":"The OIDC auth method resource allows you to configure a Boundary auth_method_oidc.","description_kind":"markdown"}},"boundary_auth_method_password":{"version":0,"block":{"attributes":{"description":{"type":"string","description":"The auth method description.","description_kind":"markdown","optional":true},"id":{"type":"string","description":"The ID of the account.","description_kind":"markdown","computed":true},"min_login_name_length":{"type":"number","description":"The minimum login name length.","description_kind":"markdown","optional":true,"computed":true},"min_password_length":{"type":"number","description":"The minimum password length.","description_kind":"markdown","optional":true,"computed":true},"name":{"type":"string","description":"The auth method name. Defaults to the resource name.","description_kind":"markdown","optional":true},"scope_id":{"type":"string","description":"The scope ID.","description_kind":"markdown","required":true},"type":{"type":"string","description":"The resource type, hardcoded per resource","description_kind":"markdown","optional":true}},"description":"The auth method resource allows you to configure a Boundary auth_method_password.","description_kind":"markdown"}},"boundary_credential_library_vault":{"version":0,"block":{"attributes":{"credential_store_id":{"type":"string","description":"The ID of the credential store that this library belongs to.","description_kind":"markdown","required":true},"description":{"type":"string","description":"The Vault credential library description.","description_kind":"markdown","optional":true},"http_method":{"type":"string","description":"The HTTP method the library uses when requesting credentials from Vault. Defaults to 'GET'","description_kind":"markdown","optional":true},"http_request_body":{"type":"string","description":"The body of the HTTP request the library sends to Vault when requesting credentials. Only valid if `http_method` is set to `POST`.","description_kind":"markdown","optional":true},"id":{"type":"string","description":"The ID of the Vault credential library.","description_kind":"markdown","computed":true},"name":{"type":"string","description":"The Vault credential library name. Defaults to the resource name.","description_kind":"markdown","optional":true},"path":{"type":"string","description":"The path in Vault to request credentials from.","description_kind":"markdown","required":true}},"description":"The credential library for Vault resource allows you to configure a Boundary credential library for Vault.","description_kind":"markdown"}},"boundary_credential_store_vault":{"version":0,"block":{"attributes":{"address":{"type":"string","description":"The address to Vault server. This should be a complete URL such as 'https://127.0.0.1:8200'","description_kind":"markdown","required":true},"ca_cert":{"type":"string","description":"A PEM-encoded CA certificate to verify the Vault server's TLS certificate.","description_kind":"markdown","optional":true},"client_certificate":{"type":"string","description":"A PEM-encoded client certificate to use for TLS authentication to the Vault server.","description_kind":"markdown","optional":true},"client_certificate_key":{"type":"string","description":"A PEM-encoded private key matching the client certificate from 'client_certificate'.","description_kind":"markdown","optional":true,"sensitive":true},"client_certificate_key_hmac":{"type":"string","description":"The Vault client certificate key hmac.","description_kind":"markdown","computed":true},"description":{"type":"string","description":"The Vault credential store description.","description_kind":"markdown","optional":true},"id":{"type":"string","description":"The ID of the Vault credential store.","description_kind":"markdown","computed":true},"name":{"type":"string","description":"The Vault credential store name. Defaults to the resource name.","description_kind":"markdown","optional":true},"namespace":{"type":"string","description":"The namespace within Vault to use.","description_kind":"markdown","optional":true},"scope_id":{"type":"string","description":"The scope for this credential store.","description_kind":"markdown","required":true},"tls_server_name":{"type":"string","description":"Name to use as the SNI host when connecting to Vault via TLS.","description_kind":"markdown","optional":true},"tls_skip_verify":{"type":"bool","description":"Whether or not to skip TLS verification.","description_kind":"markdown","optional":true},"token":{"type":"string","description":"A token used for accessing Vault.","description_kind":"markdown","required":true,"sensitive":true},"token_hmac":{"type":"string","description":"The Vault token hmac.","description_kind":"markdown","computed":true}},"description":"The credential store for Vault resource allows you to configure a Boundary credential store for Vault.","description_kind":"markdown"}},"boundary_group":{"version":0,"block":{"attributes":{"description":{"type":"string","description":"The group description.","description_kind":"markdown","optional":true},"id":{"type":"string","description":"The ID of the group.","description_kind":"markdown","computed":true},"member_ids":{"type":["set","string"],"description":"Resource IDs for group members, these are most likely boundary users.","description_kind":"markdown","optional":true},"name":{"type":"string","description":"The group name. Defaults to the resource name.","description_kind":"markdown","optional":true},"scope_id":{"type":"string","description":"The scope ID in which the resource is created. Defaults to the provider's `default_scope` if unset.","description_kind":"markdown","required":true}},"description":"The group resource allows you to configure a Boundary group.","description_kind":"markdown"}},"boundary_host":{"version":0,"block":{"attributes":{"address":{"type":"string","description":"The static address of the host resource as `\u003cIP\u003e` (note: port assignment occurs in the target resource definition, do not add :port here) or a domain name.","description_kind":"markdown","optional":true},"description":{"type":"string","description":"The host description.","description_kind":"markdown","optional":true},"host_catalog_id":{"type":"string","description_kind":"plain","required":true},"id":{"type":"string","description":"The ID of the host.","description_kind":"markdown","computed":true},"name":{"type":"string","description":"The host name. Defaults to the resource name.","description_kind":"markdown","optional":true},"type":{"type":"string","description":"The type of host","description_kind":"markdown","required":true}},"description":"Deprecated: use `resource_host_static` instead.","description_kind":"markdown","deprecated":true}},"boundary_host_catalog":{"version":0,"block":{"attributes":{"description":{"type":"string","description":"The host catalog description.","description_kind":"markdown","optional":true},"id":{"type":"string","description":"The ID of the host catalog.","description_kind":"markdown","computed":true},"name":{"type":"string","description":"The host catalog name. Defaults to the resource name.","description_kind":"markdown","optional":true},"scope_id":{"type":"string","description":"The scope ID in which the resource is created.","description_kind":"markdown","required":true},"type":{"type":"string","description":"The host catalog type. Only `static` is supported.","description_kind":"markdown","required":true}},"description":"Deprecated: use `resource_host_catalog_static` instead.","description_kind":"markdown","deprecated":true}},"boundary_host_catalog_plugin":{"version":0,"block":{"attributes":{"attributes_json":{"type":"string","description":"The attributes for the host catalog. Either values encoded with the \"jsonencode\" function, pre-escaped JSON string, or a file:// or env:// path. Set to a string \"null\" or remove the block to clear all attributes in the host catalog.","description_kind":"markdown","optional":true},"description":{"type":"string","description":"The host catalog description.","description_kind":"markdown","optional":true},"id":{"type":"string","description":"The ID of the host catalog.","description_kind":"markdown","computed":true},"internal_force_update":{"type":"string","description":"Internal only. Used to force update so that we can always check the value of secrets.","description_kind":"markdown","optional":true,"computed":true},"internal_hmac_used_for_secrets_config_hmac":{"type":"string","description":"Internal only. The Boundary-provided HMAC used to calculate the current value of the HMAC'd config. Used for drift detection.","description_kind":"markdown","optional":true,"computed":true},"internal_secrets_config_hmac":{"type":"string","description":"Internal only. HMAC of (serverSecretsHmac + config secrets). Used for proper secrets handling.","description_kind":"markdown","optional":true,"computed":true},"name":{"type":"string","description":"The host catalog name. Defaults to the resource name.","description_kind":"markdown","optional":true},"plugin_id":{"type":"string","description":"The ID of the plugin that should back the resource. This or plugin_name must be defined.","description_kind":"markdown","optional":true,"computed":true},"plugin_name":{"type":"string","description":"The name of the plugin that should back the resource. This or plugin_id must be defined.","description_kind":"markdown","optional":true,"computed":true},"scope_id":{"type":"string","description":"The scope ID in which the resource is created.","description_kind":"markdown","required":true},"secrets_hmac":{"type":"string","description":"The HMAC'd secrets value returned from the server.","description_kind":"markdown","optional":true,"computed":true},"secrets_json":{"type":"string","description":"The secrets for the host catalog. Either values encoded with the \"jsonencode\" function, pre-escaped JSON string, or a file:// or env:// path. Set to a string \"null\" to clear any existing values. NOTE: Unlike \"attributes_json\", removing this block will NOT clear secrets from the host catalog; this allows injecting secrets for one call, then removing them for storage.","description_kind":"markdown","optional":true,"sensitive":true}},"description":"The host catalog resource allows you to configure a Boundary plugin-type host catalog. Host catalogs are always part of a project, so a project resource should be used inline or you should have the project ID in hand to successfully configure a host catalog.","description_kind":"markdown"}},"boundary_host_catalog_static":{"version":0,"block":{"attributes":{"description":{"type":"string","description":"The host catalog description.","description_kind":"markdown","optional":true},"id":{"type":"string","description":"The ID of the host catalog.","description_kind":"markdown","computed":true},"name":{"type":"string","description":"The host catalog name. Defaults to the resource name.","description_kind":"markdown","optional":true},"scope_id":{"type":"string","description":"The scope ID in which the resource is created.","description_kind":"markdown","required":true}},"description":"The static host catalog resource allows you to configure a Boundary static-type host catalog. Host catalogs are always part of a project, so a project resource should be used inline or you should have the project ID in hand to successfully configure a host catalog.","description_kind":"markdown"}},"boundary_host_set":{"version":0,"block":{"attributes":{"description":{"type":"string","description":"The host set description.","description_kind":"markdown","optional":true},"host_catalog_id":{"type":"string","description":"The catalog for the host set.","description_kind":"markdown","required":true},"host_ids":{"type":["set","string"],"description":"The list of host IDs contained in this set.","description_kind":"markdown","optional":true},"id":{"type":"string","description":"The ID of the host set.","description_kind":"markdown","computed":true},"name":{"type":"string","description":"The host set name. Defaults to the resource name.","description_kind":"markdown","optional":true},"type":{"type":"string","description":"The type of host set","description_kind":"markdown","required":true}},"description":"Deprecated: use `resource_host_set_static` instead.","description_kind":"markdown","deprecated":true}},"boundary_host_set_plugin":{"version":0,"block":{"attributes":{"attributes_json":{"type":"string","description":"The attributes for the host set. Either values encoded with the \"jsonencode\" function, pre-escaped JSON string, or a file:// or env:// path. Set to a string \"null\" or remove the block to clear all attributes in the host set.","description_kind":"markdown","optional":true},"description":{"type":"string","description":"The host set description.","description_kind":"markdown","optional":true},"host_catalog_id":{"type":"string","description":"The catalog for the host set.","description_kind":"markdown","required":true},"id":{"type":"string","description":"The ID of the host set.","description_kind":"markdown","computed":true},"name":{"type":"string","description":"The host set name. Defaults to the resource name.","description_kind":"markdown","optional":true},"preferred_endpoints":{"type":["list","string"],"description":"The ordered list of preferred endpoints.","description_kind":"markdown","optional":true},"sync_interval_seconds":{"type":"number","description":"The value to set for the sync interval seconds.","description_kind":"markdown","optional":true},"type":{"type":"string","description":"The type of host set","description_kind":"markdown","optional":true}},"description":"The host_set_plugin resource allows you to configure a Boundary host set. Host sets are always part of a host catalog, so a host catalog resource should be used inline or you should have the host catalog ID in hand to successfully configure a host set.","description_kind":"markdown"}},"boundary_host_set_static":{"version":0,"block":{"attributes":{"description":{"type":"string","description":"The host set description.","description_kind":"markdown","optional":true},"host_catalog_id":{"type":"string","description":"The catalog for the host set.","description_kind":"markdown","required":true},"host_ids":{"type":["set","string"],"description":"The list of host IDs contained in this set.","description_kind":"markdown","optional":true},"id":{"type":"string","description":"The ID of the host set.","description_kind":"markdown","computed":true},"name":{"type":"string","description":"The host set name. Defaults to the resource name.","description_kind":"markdown","optional":true},"type":{"type":"string","description":"The type of host set","description_kind":"markdown","optional":true}},"description":"The host_set_static resource allows you to configure a Boundary host set. Host sets are always part of a host catalog, so a host catalog resource should be used inline or you should have the host catalog ID in hand to successfully configure a host set.","description_kind":"markdown"}},"boundary_host_static":{"version":0,"block":{"attributes":{"address":{"type":"string","description":"The static address of the host resource as `\u003cIP\u003e` (note: port assignment occurs in the target resource definition, do not add :port here) or a domain name.","description_kind":"markdown","optional":true},"description":{"type":"string","description":"The host description.","description_kind":"markdown","optional":true},"host_catalog_id":{"type":"string","description_kind":"plain","required":true},"id":{"type":"string","description":"The ID of the host.","description_kind":"markdown","computed":true},"name":{"type":"string","description":"The host name. Defaults to the resource name.","description_kind":"markdown","optional":true},"type":{"type":"string","description":"The type of host","description_kind":"markdown","optional":true}},"description":"The static host resource allows you to configure a Boundary static host. Hosts are always part of a project, so a project resource should be used inline or you should have the project ID in hand to successfully configure a host.","description_kind":"markdown"}},"boundary_managed_group":{"version":0,"block":{"attributes":{"auth_method_id":{"type":"string","description":"The resource ID for the auth method.","description_kind":"markdown","required":true},"description":{"type":"string","description":"The managed group description.","description_kind":"markdown","optional":true},"filter":{"type":"string","description":"Boolean expression to filter the workers for this managed group.","description_kind":"markdown","required":true},"id":{"type":"string","description":"The ID of the group.","description_kind":"markdown","computed":true},"name":{"type":"string","description":"The managed group name. Defaults to the resource name.","description_kind":"markdown","optional":true}},"description":"The managed group resource allows you to configure a Boundary group.","description_kind":"markdown"}},"boundary_role":{"version":0,"block":{"attributes":{"default_role":{"type":"bool","description":"Indicates that the role containing this value is the default role (that is, has the id 'r_default'), which triggers some specialized behavior to allow it to be imported and managed.","description_kind":"markdown","optional":true},"description":{"type":"string","description":"The role description.","description_kind":"markdown","optional":true},"grant_scope_id":{"type":"string","description_kind":"plain","optional":true,"computed":true},"grant_strings":{"type":["set","string"],"description":" A list of stringified grants for the role.","description_kind":"markdown","optional":true},"id":{"type":"string","description":"The ID of the role.","description_kind":"markdown","computed":true},"name":{"type":"string","description":"The role name. Defaults to the resource name.","description_kind":"markdown","optional":true},"principal_ids":{"type":["set","string"],"description":"A list of principal (user or group) IDs to add as principals on the role.","description_kind":"markdown","optional":true},"scope_id":{"type":"string","description":"The scope ID in which the resource is created. Defaults to the provider's `default_scope` if unset.","description_kind":"markdown","required":true}},"description":"The role resource allows you to configure a Boundary role.","description_kind":"markdown"}},"boundary_scope":{"version":0,"block":{"attributes":{"auto_create_admin_role":{"type":"bool","description":"If set, when a new scope is created, the provider will not disable the functionality that automatically creates a role in the new scope and gives permissions to manage the scope to the provider's user. Marking this true makes for simpler HCL but results in role resources that are unmanaged by Terraform.","description_kind":"markdown","optional":true},"auto_create_default_role":{"type":"bool","description":"Only relevant when creating an org scope. If set, when a new scope is created, the provider will not disable the functionality that automatically creates a role in the new scope and gives listing of scopes and auth methods and the ability to authenticate to the anonymous user. Marking this true makes for simpler HCL but results in role resources that are unmanaged by Terraform.","description_kind":"markdown","optional":true},"description":{"type":"string","description":"The scope description.","description_kind":"markdown","optional":true},"global_scope":{"type":"bool","description":"Indicates that the scope containing this value is the global scope, which triggers some specialized behavior to allow it to be imported and managed.","description_kind":"markdown","optional":true},"id":{"type":"string","description":"The ID of the scope.","description_kind":"markdown","computed":true},"name":{"type":"string","description":"The scope name. Defaults to the resource name.","description_kind":"markdown","optional":true},"scope_id":{"type":"string","description":"The scope ID containing the sub scope resource.","description_kind":"markdown","required":true}},"description":"The scope resource allows you to configure a Boundary scope.","description_kind":"markdown"}},"boundary_target":{"version":0,"block":{"attributes":{"application_credential_source_ids":{"type":["set","string"],"description":"A list of application credential source ID's.","description_kind":"markdown","optional":true},"default_port":{"type":"number","description":"The default port for this target.","description_kind":"markdown","optional":true},"description":{"type":"string","description":"The target description.","description_kind":"markdown","optional":true},"host_source_ids":{"type":["set","string"],"description":"A list of host source ID's.","description_kind":"markdown","optional":true},"id":{"type":"string","description":"The ID of the target.","description_kind":"markdown","computed":true},"name":{"type":"string","description":"The target name. Defaults to the resource name.","description_kind":"markdown","optional":true},"scope_id":{"type":"string","description":"The scope ID in which the resource is created. Defaults to the provider's `default_scope` if unset.","description_kind":"markdown","required":true},"session_connection_limit":{"type":"number","description_kind":"plain","optional":true,"computed":true},"session_max_seconds":{"type":"number","description_kind":"plain","optional":true,"computed":true},"type":{"type":"string","description":"The target resource type.","description_kind":"markdown","required":true},"worker_filter":{"type":"string","description":"Boolean expression to filter the workers for this target","description_kind":"markdown","optional":true}},"description":"The target resource allows you to configure a Boundary target.","description_kind":"markdown"}},"boundary_user":{"version":0,"block":{"attributes":{"account_ids":{"type":["set","string"],"description":"Account ID's to associate with this user resource.","description_kind":"markdown","optional":true},"description":{"type":"string","description":"The user description.","description_kind":"markdown","optional":true},"id":{"type":"string","description":"The ID of the user.","description_kind":"markdown","computed":true},"name":{"type":"string","description":"The username. Defaults to the resource name.","description_kind":"markdown","optional":true},"scope_id":{"type":"string","description":"The scope ID in which the resource is created. Defaults to the provider's `default_scope` if unset.","description_kind":"markdown","required":true}},"description":"The user resource allows you to configure a Boundary user.","description_kind":"markdown"}}}}}}
